
Microsoft Visual Studio Solution File, Format Version 12.00
# Visual Studio Version 17
VisualStudioVersion = 17.11.35219.272
MinimumVisualStudioVersion = 10.0.40219.1
Project("{9A19103F-16F7-4668-BE54-9A1E7A4F7556}") = "BookManager.Application", "Application\BookManager.Application.csproj", "{F3FB9F2D-F923-4731-B778-10E2AF3CFFB2}"
EndProject
Project("{9A19103F-16F7-4668-BE54-9A1E7A4F7556}") = "BookManager.infrastructure", "infrastructure\BookManager.infrastructure.csproj", "{010321B6-3DC5-41DD-8472-5B9AACEDCB88}"
EndProject
Project("{9A19103F-16F7-4668-BE54-9A1E7A4F7556}") = "BookManager.Domain", "Domain\BookManager.Domain.csproj", "{A2B4A88E-ABE3-4E94-8213-3BBFF7FBD31E}"
EndProject
Project("{9A19103F-16F7-4668-BE54-9A1E7A4F7556}") = "BookManager.Api", "ApiBiblioteca\BookManager.Api.csproj", "{C4577853-D049-4971-860D-C698F2C8458C}"
EndProject
Project("{9A19103F-16F7-4668-BE54-9A1E7A4F7556}") = "BookManager.Extensions", "ApiExtensions\BookManager.Extensions.csproj", "{D66AC05B-DA19-4CC7-994C-7874B71E80A2}"
EndProject
Project("{FAE04EC0-301F-11D3-BF4B-00C04F79EFBC}") = "BookManager.UnitTests", "BookManager.UnitTests\BookManager.UnitTests.csproj", "{73E94B87-2D35-4505-814E-FA4E04D73676}"
EndProject
Global
	GlobalSection(SolutionConfigurationPlatforms) = preSolution
		Debug|Any CPU = Debug|Any CPU
		Release|Any CPU = Release|Any CPU
	EndGlobalSection
	GlobalSection(ProjectConfigurationPlatforms) = postSolution
		{F3FB9F2D-F923-4731-B778-10E2AF3CFFB2}.Debug|Any CPU.ActiveCfg = Debug|Any CPU
		{F3FB9F2D-F923-4731-B778-10E2AF3CFFB2}.Debug|Any CPU.Build.0 = Debug|Any CPU
		{F3FB9F2D-F923-4731-B778-10E2AF3CFFB2}.Release|Any CPU.ActiveCfg = Release|Any CPU
		{F3FB9F2D-F923-4731-B778-10E2AF3CFFB2}.Release|Any CPU.Build.0 = Release|Any CPU
		{010321B6-3DC5-41DD-8472-5B9AACEDCB88}.Debug|Any CPU.ActiveCfg = Debug|Any CPU
		{010321B6-3DC5-41DD-8472-5B9AACEDCB88}.Debug|Any CPU.Build.0 = Debug|Any CPU
		{010321B6-3DC5-41DD-8472-5B9AACEDCB88}.Release|Any CPU.ActiveCfg = Release|Any CPU
		{010321B6-3DC5-41DD-8472-5B9AACEDCB88}.Release|Any CPU.Build.0 = Release|Any CPU
		{A2B4A88E-ABE3-4E94-8213-3BBFF7FBD31E}.Debug|Any CPU.ActiveCfg = Debug|Any CPU
		{A2B4A88E-ABE3-4E94-8213-3BBFF7FBD31E}.Debug|Any CPU.Build.0 = Debug|Any CPU
		{A2B4A88E-ABE3-4E94-8213-3BBFF7FBD31E}.Release|Any CPU.ActiveCfg = Release|Any CPU
		{A2B4A88E-ABE3-4E94-8213-3BBFF7FBD31E}.Release|Any CPU.Build.0 = Release|Any CPU
		{C4577853-D049-4971-860D-C698F2C8458C}.Debug|Any CPU.ActiveCfg = Debug|Any CPU
		{C4577853-D049-4971-860D-C698F2C8458C}.Debug|Any CPU.Build.0 = Debug|Any CPU
		{C4577853-D049-4971-860D-C698F2C8458C}.Release|Any CPU.ActiveCfg = Release|Any CPU
		{C4577853-D049-4971-860D-C698F2C8458C}.Release|Any CPU.Build.0 = Release|Any CPU
		{D66AC05B-DA19-4CC7-994C-7874B71E80A2}.Debug|Any CPU.ActiveCfg = Debug|Any CPU
		{D66AC05B-DA19-4CC7-994C-7874B71E80A2}.Debug|Any CPU.Build.0 = Debug|Any CPU
		{D66AC05B-DA19-4CC7-994C-7874B71E80A2}.Release|Any CPU.ActiveCfg = Release|Any CPU
		{D66AC05B-DA19-4CC7-994C-7874B71E80A2}.Release|Any CPU.Build.0 = Release|Any CPU
		{73E94B87-2D35-4505-814E-FA4E04D73676}.Debug|Any CPU.ActiveCfg = Debug|Any CPU
		{73E94B87-2D35-4505-814E-FA4E04D73676}.Debug|Any CPU.Build.0 = Debug|Any CPU
		{73E94B87-2D35-4505-814E-FA4E04D73676}.Release|Any CPU.ActiveCfg = Release|Any CPU
		{73E94B87-2D35-4505-814E-FA4E04D73676}.Release|Any CPU.Build.0 = Release|Any CPU
	EndGlobalSection
	GlobalSection(SolutionProperties) = preSolution
		HideSolutionNode = FALSE
	EndGlobalSection
	GlobalSection(ExtensibilityGlobals) = postSolution
		SolutionGuid = {A3BCE53D-81F0-4452-9AB4-D1B04786FC6F}
	EndGlobalSection
EndGlobal
